
Microsoft Visual Studio Solution File, Format Version 12.00
# Visual Studio 14
VisualStudioVersion = 14.0.25420.1
MinimumVisualStudioVersion = 10.0.40219.1
Project("{FAE04EC0-301F-11D3-BF4B-00C04F79EFBC}") = "Buisness", "Buisness\Buisness.csproj", "{3776DE3F-9F93-4C1B-9AEA-5425A62A9D58}"
EndProject
Project("{FAE04EC0-301F-11D3-BF4B-00C04F79EFBC}") = "GuiDesigner", "GuiDesigner\GuiDesigner.csproj", "{146D6C32-1561-4065-BCA4-8F472CE6CA21}"
EndProject
Project("{2150E333-8FDC-42A3-9474-1A3956D46DE8}") = "WorkFlow", "WorkFlow", "{00C6D91D-886D-4721-ABE6-0C8F5BE2EA5E}"
EndProject
Project("{2150E333-8FDC-42A3-9474-1A3956D46DE8}") = "AxeWorkflowSolution", "AxeWorkflowSolution", "{B70CCB59-D832-4919-A4A6-D42890AD1E5E}"
EndProject
Project("{FAE04EC0-301F-11D3-BF4B-00C04F79EFBC}") = "AxeWorkFlowComponent", "AxeWorkFlowComponent\AxeWorkFlowComponent.csproj", "{30F524CC-3C2D-47D2-91ED-9146AF03CDFA}"
EndProject
Project("{FAE04EC0-301F-11D3-BF4B-00C04F79EFBC}") = "AxeWorkFlowDes", "AxeWorkFlowDes\AxeWorkFlowDes.csproj", "{9706D4E5-E7E9-430D-B2C0-F6209536D7F1}"
EndProject
Project("{FAE04EC0-301F-11D3-BF4B-00C04F79EFBC}") = "AxeWorkFlowEng", "AxeWorkFlowEng\AxeWorkFlowEng.csproj", "{A4E30EC9-893C-4688-91B6-89C5736B39BD}"
EndProject
Project("{FAE04EC0-301F-11D3-BF4B-00C04F79EFBC}") = "WebSite", "WebSite\WebSite.csproj", "{33D0E578-5846-4807-A6EF-2109925F8CD8}"
EndProject
Global
	GlobalSection(SolutionConfigurationPlatforms) = preSolution
		Debug|Any CPU = Debug|Any CPU
		Release|Any CPU = Release|Any CPU
	EndGlobalSection
	GlobalSection(ProjectConfigurationPlatforms) = postSolution
		{3776DE3F-9F93-4C1B-9AEA-5425A62A9D58}.Debug|Any CPU.ActiveCfg = Debug|Any CPU
		{3776DE3F-9F93-4C1B-9AEA-5425A62A9D58}.Debug|Any CPU.Build.0 = Debug|Any CPU
		{3776DE3F-9F93-4C1B-9AEA-5425A62A9D58}.Release|Any CPU.ActiveCfg = Release|Any CPU
		{3776DE3F-9F93-4C1B-9AEA-5425A62A9D58}.Release|Any CPU.Build.0 = Release|Any CPU
		{146D6C32-1561-4065-BCA4-8F472CE6CA21}.Debug|Any CPU.ActiveCfg = Debug|Any CPU
		{146D6C32-1561-4065-BCA4-8F472CE6CA21}.Debug|Any CPU.Build.0 = Debug|Any CPU
		{146D6C32-1561-4065-BCA4-8F472CE6CA21}.Release|Any CPU.ActiveCfg = Release|Any CPU
		{146D6C32-1561-4065-BCA4-8F472CE6CA21}.Release|Any CPU.Build.0 = Release|Any CPU
		{30F524CC-3C2D-47D2-91ED-9146AF03CDFA}.Debug|Any CPU.ActiveCfg = Debug|Any CPU
		{30F524CC-3C2D-47D2-91ED-9146AF03CDFA}.Debug|Any CPU.Build.0 = Debug|Any CPU
		{30F524CC-3C2D-47D2-91ED-9146AF03CDFA}.Release|Any CPU.ActiveCfg = Release|Any CPU
		{30F524CC-3C2D-47D2-91ED-9146AF03CDFA}.Release|Any CPU.Build.0 = Release|Any CPU
		{9706D4E5-E7E9-430D-B2C0-F6209536D7F1}.Debug|Any CPU.ActiveCfg = Debug|Any CPU
		{9706D4E5-E7E9-430D-B2C0-F6209536D7F1}.Debug|Any CPU.Build.0 = Debug|Any CPU
		{9706D4E5-E7E9-430D-B2C0-F6209536D7F1}.Release|Any CPU.ActiveCfg = Release|Any CPU
		{9706D4E5-E7E9-430D-B2C0-F6209536D7F1}.Release|Any CPU.Build.0 = Release|Any CPU
		{A4E30EC9-893C-4688-91B6-89C5736B39BD}.Debug|Any CPU.ActiveCfg = Debug|Any CPU
		{A4E30EC9-893C-4688-91B6-89C5736B39BD}.Debug|Any CPU.Build.0 = Debug|Any CPU
		{A4E30EC9-893C-4688-91B6-89C5736B39BD}.Release|Any CPU.ActiveCfg = Release|Any CPU
		{A4E30EC9-893C-4688-91B6-89C5736B39BD}.Release|Any CPU.Build.0 = Release|Any CPU
		{33D0E578-5846-4807-A6EF-2109925F8CD8}.Debug|Any CPU.ActiveCfg = Debug|Any CPU
		{33D0E578-5846-4807-A6EF-2109925F8CD8}.Debug|Any CPU.Build.0 = Debug|Any CPU
		{33D0E578-5846-4807-A6EF-2109925F8CD8}.Release|Any CPU.ActiveCfg = Release|Any CPU
		{33D0E578-5846-4807-A6EF-2109925F8CD8}.Release|Any CPU.Build.0 = Release|Any CPU
	EndGlobalSection
	GlobalSection(SolutionProperties) = preSolution
		HideSolutionNode = FALSE
	EndGlobalSection
	GlobalSection(NestedProjects) = preSolution
		{B70CCB59-D832-4919-A4A6-D42890AD1E5E} = {00C6D91D-886D-4721-ABE6-0C8F5BE2EA5E}
		{30F524CC-3C2D-47D2-91ED-9146AF03CDFA} = {B70CCB59-D832-4919-A4A6-D42890AD1E5E}
		{9706D4E5-E7E9-430D-B2C0-F6209536D7F1} = {B70CCB59-D832-4919-A4A6-D42890AD1E5E}
		{A4E30EC9-893C-4688-91B6-89C5736B39BD} = {B70CCB59-D832-4919-A4A6-D42890AD1E5E}
	EndGlobalSection
EndGlobal
